// !$*UTF8*$!
{
	archiveVersion = 1;
	classes = {
	};
	objectVersion = 55;
	objects = {

/* Begin PBXBuildFile section */
		412D7A2052F128D9098BA7C6 /* Pods_bookmarksUIKit.framework in Frameworks */ = {isa = PBXBuildFile; fileRef = 1C659264AE99B4ACEB1951F7 /* Pods_bookmarksUIKit.framework */; };
		7CBE25C0279D374E00272376 /* AppDelegate.swift in Sources */ = {isa = PBXBuildFile; fileRef = 7CBE25BF279D374E00272376 /* AppDelegate.swift */; };
		7CBE25C2279D374E00272376 /* SceneDelegate.swift in Sources */ = {isa = PBXBuildFile; fileRef = 7CBE25C1279D374E00272376 /* SceneDelegate.swift */; };
		7CBE25C4279D374E00272376 /* ViewController.swift in Sources */ = {isa = PBXBuildFile; fileRef = 7CBE25C3279D374E00272376 /* ViewController.swift */; };
		7CBE25C7279D374E00272376 /* Main.storyboard in Resources */ = {isa = PBXBuildFile; fileRef = 7CBE25C5279D374E00272376 /* Main.storyboard */; };
		7CBE25C9279D374F00272376 /* Assets.xcassets in Resources */ = {isa = PBXBuildFile; fileRef = 7CBE25C8279D374F00272376 /* Assets.xcassets */; };
		7CBE25CC279D374F00272376 /* LaunchScreen.storyboard in Resources */ = {isa = PBXBuildFile; fileRef = 7CBE25CA279D374F00272376 /* LaunchScreen.storyboard */; };
		7CBE25D8279D60B600272376 /* MainViewController.swift in Sources */ = {isa = PBXBuildFile; fileRef = 7CBE25D7279D60B600272376 /* MainViewController.swift */; };
		7CBE25DA279D665200272376 /* Bookmark.swift in Sources */ = {isa = PBXBuildFile; fileRef = 7CBE25D9279D665200272376 /* Bookmark.swift */; };
/* End PBXBuildFile section */

/* Begin PBXFileReference section */
		1C659264AE99B4ACEB1951F7 /* Pods_bookmarksUIKit.framework */ = {isa = PBXFileReference; explicitFileType = wrapper.framework; includeInIndex = 0; path = Pods_bookmarksUIKit.framework; sourceTree = BUILT_PRODUCTS_DIR; };
		7CBE25BC279D374D00272376 /* bookmarksUIKit.app */ = {isa = PBXFileReference; explicitFileType = wrapper.application; includeInIndex = 0; path = bookmarksUIKit.app; sourceTree = BUILT_PRODUCTS_DIR; };
		7CBE25BF279D374E00272376 /* AppDelegate.swift */ = {isa = PBXFileReference; lastKnownFileType = sourcecode.swift; path = AppDelegate.swift; sourceTree = "<group>"; };
		7CBE25C1279D374E00272376 /* SceneDelegate.swift */ = {isa = PBXFileReference; lastKnownFileType = sourcecode.swift; path = SceneDelegate.swift; sourceTree = "<group>"; };
		7CBE25C3279D374E00272376 /* ViewController.swift */ = {isa = PBXFileReference; lastKnownFileType = sourcecode.swift; path = ViewController.swift; sourceTree = "<group>"; };
		7CBE25C6279D374E00272376 /* Base */ = {isa = PBXFileReference; lastKnownFileType = file.storyboard; name = Base; path = Base.lproj/Main.storyboard; sourceTree = "<group>"; };
		7CBE25C8279D374F00272376 /* Assets.xcassets */ = {isa = PBXFileReference; lastKnownFileType = folder.assetcatalog; path = Assets.xcassets; sourceTree = "<group>"; };
		7CBE25CB279D374F00272376 /* Base */ = {isa = PBXFileReference; lastKnownFileType = file.storyboard; name = Base; path = Base.lproj/LaunchScreen.storyboard; sourceTree = "<group>"; };
		7CBE25CD279D374F00272376 /* Info.plist */ = {isa = PBXFileReference; lastKnownFileType = text.plist.xml; path = Info.plist; sourceTree = "<group>"; };
		7CBE25D7279D60B600272376 /* MainViewController.swift */ = {isa = PBXFileReference; lastKnownFileType = sourcecode.swift; path = MainViewController.swift; sourceTree = "<group>"; };
		7CBE25D9279D665200272376 /* Bookmark.swift */ = {isa = PBXFileReference; lastKnownFileType = sourcecode.swift; path = Bookmark.swift; sourceTree = "<group>"; };
		8D120A2DF5BA1B414AFCD952 /* Pods-bookmarksUIKit.debug.xcconfig */ = {isa = PBXFileReference; includeInIndex = 1; lastKnownFileType = text.xcconfig; name = "Pods-bookmarksUIKit.debug.xcconfig"; path = "Target Support Files/Pods-bookmarksUIKit/Pods-bookmarksUIKit.debug.xcconfig"; sourceTree = "<group>"; };
		E4C13FDDD6B27DFBD595AD00 /* Pods-bookmarksUIKit.release.xcconfig */ = {isa = PBXFileReference; includeInIndex = 1; lastKnownFileType = text.xcconfig; name = "Pods-bookmarksUIKit.release.xcconfig"; path = "Target Support Files/Pods-bookmarksUIKit/Pods-bookmarksUIKit.release.xcconfig"; sourceTree = "<group>"; };
/* End PBXFileReference section */

/* Begin PBXFrameworksBuildPhase section */
		7CBE25B9279D374D00272376 /* Frameworks */ = {
			isa = PBXFrameworksBuildPhase;
			buildActionMask = 2147483647;
			files = (
				412D7A2052F128D9098BA7C6 /* Pods_bookmarksUIKit.framework in Frameworks */,
			);
			runOnlyForDeploymentPostprocessing = 0;
		};
/* End PBXFrameworksBuildPhase section */

/* Begin PBXGroup section */
		1F786B809BC1F46CF959A2FD /* Frameworks */ = {
			isa = PBXGroup;
			children = (
				1C659264AE99B4ACEB1951F7 /* Pods_bookmarksUIKit.framework */,
			);
			name = Frameworks;
			sourceTree = "<group>";
		};
		5E0ED2E0F938AD67B15024EE /* Pods */ = {
			isa = PBXGroup;
			children = (
				8D120A2DF5BA1B414AFCD952 /* Pods-bookmarksUIKit.debug.xcconfig */,
				E4C13FDDD6B27DFBD595AD00 /* Pods-bookmarksUIKit.release.xcconfig */,
			);
			path = Pods;
			sourceTree = "<group>";
		};
		7CBE25B3279D374D00272376 = {
			isa = PBXGroup;
			children = (
				7CBE25BE279D374D00272376 /* bookmarksUIKit */,
				7CBE25BD279D374D00272376 /* Products */,
				5E0ED2E0F938AD67B15024EE /* Pods */,
				1F786B809BC1F46CF959A2FD /* Frameworks */,
			);
			sourceTree = "<group>";
		};
		7CBE25BD279D374D00272376 /* Products */ = {
			isa = PBXGroup;
			children = (
				7CBE25BC279D374D00272376 /* bookmarksUIKit.app */,
			);
			name = Products;
			sourceTree = "<group>";
		};
		7CBE25BE279D374D00272376 /* bookmarksUIKit */ = {
			isa = PBXGroup;
			children = (
				7CBE25BF279D374E00272376 /* AppDelegate.swift */,
				7CBE25C1279D374E00272376 /* SceneDelegate.swift */,
				7CBE25C3279D374E00272376 /* ViewController.swift */,
				7CBE25C5279D374E00272376 /* Main.storyboard */,
				7CBE25C8279D374F00272376 /* Assets.xcassets */,
				7CBE25CA279D374F00272376 /* LaunchScreen.storyboard */,
				7CBE25CD279D374F00272376 /* Info.plist */,
				7CBE25D7279D60B600272376 /* MainViewController.swift */,
				7CBE25D9279D665200272376 /* Bookmark.swift */,
			);
			path = bookmarksUIKit;
			sourceTree = "<group>";
		};
/* End PBXGroup section */

/* Begin PBXNativeTarget section */
		7CBE25BB279D374D00272376 /* bookmarksUIKit */ = {
			isa = PBXNativeTarget;
			buildConfigurationList = 7CBE25D0279D374F00272376 /* Build configuration list for PBXNativeTarget "bookmarksUIKit" */;
			buildPhases = (
				BAF55988D9D18B013707EB19 /* [CP] Check Pods Manifest.lock */,
				7CBE25B8279D374D00272376 /* Sources */,
				7CBE25B9279D374D00272376 /* Frameworks */,
				7CBE25BA279D374D00272376 /* Resources */,
				A3D625B5637BB43347A9A30B /* [CP] Embed Pods Frameworks */,
			);
			buildRules = (
			);
			dependencies = (
			);
			name = bookmarksUIKit;
			productName = bookmarksUIKit;
			productReference = 7CBE25BC279D374D00272376 /* bookmarksUIKit.app */;
			productType = "com.apple.product-type.application";
		};
/* End PBXNativeTarget section */

/* Begin PBXProject section */
		7CBE25B4279D374D00272376 /* Project object */ = {
			isa = PBXProject;
			attributes = {
				BuildIndependentTargetsInParallel = 1;
				LastSwiftUpdateCheck = 1320;
				LastUpgradeCheck = 1320;
				TargetAttributes = {
					7CBE25BB279D374D00272376 = {
						CreatedOnToolsVersion = 13.2.1;
					};
				};
			};
			buildConfigurationList = 7CBE25B7279D374D00272376 /* Build configuration list for PBXProject "bookmarksUIKit" */;
			compatibilityVersion = "Xcode 13.0";
			developmentRegion = en;
			hasScannedForEncodings = 0;
			knownRegions = (
				en,
				Base,
			);
			mainGroup = 7CBE25B3279D374D00272376;
			productRefGroup = 7CBE25BD279D374D00272376 /* Products */;
			projectDirPath = "";
			projectRoot = "";
			targets = (
				7CBE25BB279D374D00272376 /* bookmarksUIKit */,
			);
		};
/* End PBXProject section */

/* Begin PBXResourcesBuildPhase section */
		7CBE25BA279D374D00272376 /* Resources */ = {
			isa = PBXResourcesBuildPhase;
			buildActionMask = 2147483647;
			files = (
				7CBE25CC279D374F00272376 /* LaunchScreen.storyboard in Resources */,
				7CBE25C9279D374F00272376 /* Assets.xcassets in Resources */,
				7CBE25C7279D374E00272376 /* Main.storyboard in Resources */,
			);
			runOnlyForDeploymentPostprocessing = 0;
		};
/* End PBXResourcesBuildPhase section */

/* Begin PBXShellScriptBuildPhase section */
		A3D625B5637BB43347A9A30B /* [CP] Embed Pods Frameworks */ = {
			isa = PBXShellScriptBuildPhase;
			buildActionMask = 2147483647;
			files = (
			);
			inputFileListPaths = (
				"${PODS_ROOT}/Target Support Files/Pods-bookmarksUIKit/Pods-bookmarksUIKit-frameworks-${CONFIGURATION}-input-files.xcfilelist",
			);
			name = "[CP] Embed Pods Frameworks";
			outputFileListPaths = (
				"${PODS_ROOT}/Target Support Files/Pods-bookmarksUIKit/Pods-bookmarksUIKit-frameworks-${CONFIGURATION}-output-files.xcfilelist",
			);
			runOnlyForDeploymentPostprocessing = 0;
			shellPath = /bin/sh;
			shellScript = "\"${PODS_ROOT}/Target Support Files/Pods-bookmarksUIKit/Pods-bookmarksUIKit-frameworks.sh\"\n";
			showEnvVarsInLog = 0;
		};
		BAF55988D9D18B013707EB19 /* [CP] Check Pods Manifest.lock */ = {
			isa = PBXShellScriptBuildPhase;
			buildActionMask = 2147483647;
			files = (
			);
			inputFileListPaths = (
			);
			inputPaths = (
				"${PODS_PODFILE_DIR_PATH}/Podfile.lock",
				"${PODS_ROOT}/Manifest.lock",
			);
			name = "[CP] Check Pods Manifest.lock";
			outputFileListPaths = (
			);
			outputPaths = (
				"$(DERIVED_FILE_DIR)/Pods-bookmarksUIKit-checkManifestLockResult.txt",
			);
			runOnlyForDeploymentPostprocessing = 0;
			shellPath = /bin/sh;
			shellScript = "diff \"${PODS_PODFILE_DIR_PATH}/Podfile.lock\" \"${PODS_ROOT}/Manifest.lock\" > /dev/null\nif [ $? != 0 ] ; then\n    # print error to STDERR\n    echo \"error: The sandbox is not in sync with the Podfile.lock. Run 'pod install' or update your CocoaPods installation.\" >&2\n    exit 1\nfi\n# This output is used by Xcode 'outputs' to avoid re-running this script phase.\necho \"SUCCESS\" > \"${SCRIPT_OUTPUT_FILE_0}\"\n";
			showEnvVarsInLog = 0;
		};
/* End PBXShellScriptBuildPhase section */

/* Begin PBXSourcesBuildPhase section */
		7CBE25B8279D374D00272376 /* Sources */ = {
			isa = PBXSourcesBuildPhase;
			buildActionMask = 2147483647;
			files = (
				7CBE25C4279D374E00272376 /* ViewController.swift in Sources */,
				7CBE25D8279D60B600272376 /* MainViewController.swift in Sources */,
				7CBE25C0279D374E00272376 /* AppDelegate.swift in Sources */,
				7CBE25DA279D665200272376 /* Bookmark.swift in Sources */,
				7CBE25C2279D374E00272376 /* SceneDelegate.swift in Sources */,
			);
			runOnlyForDeploymentPostprocessing = 0;
		};
/* End PBXSourcesBuildPhase section */

/* Begin PBXVariantGroup section */
		7CBE25C5279D374E00272376 /* Main.storyboard */ = {
			isa = PBXVariantGroup;
			children = (
				7CBE25C6279D374E00272376 /* Base */,
			);
			name = Main.storyboard;
			sourceTree = "<group>";
		};
		7CBE25CA279D374F00272376 /* LaunchScreen.storyboard */ = {
			isa = PBXVariantGroup;
			children = (
				7CBE25CB279D374F00272376 /* Base */,
			);
			name = LaunchScreen.storyboard;
			sourceTree = "<group>";
		};
/* End PBXVariantGroup section */

/* Begin XCBuildConfiguration section */
		7CBE25CE279D374F00272376 /* Debug */ = {
			isa = XCBuildConfiguration;
			buildSettings = {
				ALWAYS_SEARCH_USER_PATHS = NO;
				CLANG_ANALYZER_NONNULL = YES;
				CLANG_ANALYZER_NUMBER_OBJECT_CONVERSION = YES_AGGRESSIVE;
				CLANG_CXX_LANGUAGE_STANDARD = "gnu++17";
				CLANG_CXX_LIBRARY = "libc++";
				CLANG_ENABLE_MODULES = YES;
				CLANG_ENABLE_OBJC_ARC = YES;
				CLANG_ENABLE_OBJC_WEAK = YES;
				CLANG_WARN_BLOCK_CAPTURE_AUTORELEASING = YES;
				CLANG_WARN_BOOL_CONVERSION = YES;
				CLANG_WARN_COMMA = YES;
				CLANG_WARN_CONSTANT_CONVERSION = YES;
				CLANG_WARN_DEPRECATED_OBJC_IMPLEMENTATIONS = YES;
				CLANG_WARN_DIRECT_OBJC_ISA_USAGE = YES_ERROR;
				CLANG_WARN_DOCUMENTATION_COMMENTS = YES;
				CLANG_WARN_EMPTY_BODY = YES;
				CLANG_WARN_ENUM_CONVERSION = YES;
				CLANG_WARN_INFINITE_RECURSION = YES;
				CLANG_WARN_INT_CONVERSION = YES;
				CLANG_WARN_NON_LITERAL_NULL_CONVERSION = YES;
				CLANG_WARN_OBJC_IMPLICIT_RETAIN_SELF = YES;
				CLANG_WARN_OBJC_LITERAL_CONVERSION = YES;
				CLANG_WARN_OBJC_ROOT_CLASS = YES_ERROR;
				CLANG_WARN_QUOTED_INCLUDE_IN_FRAMEWORK_HEADER = YES;
				CLANG_WARN_RANGE_LOOP_ANALYSIS = YES;
				CLANG_WARN_STRICT_PROTOTYPES = YES;
				CLANG_WARN_SUSPICIOUS_MOVE = YES;
				CLANG_WARN_UNGUARDED_AVAILABILITY = YES_AGGRESSIVE;
				CLANG_WARN_UNREACHABLE_CODE = YES;
				CLANG_WARN__DUPLICATE_METHOD_MATCH = YES;
				COPY_PHASE_STRIP = NO;
				DEBUG_INFORMATION_FORMAT = dwarf;
				ENABLE_STRICT_OBJC_MSGSEND = YES;
				ENABLE_TESTABILITY = YES;
				GCC_C_LANGUAGE_STANDARD = gnu11;
				GCC_DYNAMIC_NO_PIC = NO;
				GCC_NO_COMMON_BLOCKS = YES;
				GCC_OPTIMIZATION_LEVEL = 0;
				GCC_PREPROCESSOR_DEFINITIONS = (
					"DEBUG=1",
					"$(inherited)",
				);
				GCC_WARN_64_TO_32_BIT_CONVERSION = YES;
				GCC_WARN_ABOUT_RETURN_TYPE = YES_ERROR;
				GCC_WARN_UNDECLARED_SELECTOR = YES;
				GCC_WARN_UNINITIALIZED_AUTOS = YES_AGGRESSIVE;
				GCC_WARN_UNUSED_FUNCTION = YES;
				GCC_WARN_UNUSED_VARIABLE = YES;
				IPHONEOS_DEPLOYMENT_TARGET = 15.2;
				MTL_ENABLE_DEBUG_INFO = INCLUDE_SOURCE;
				MTL_FAST_MATH = YES;
				ONLY_ACTIVE_ARCH = YES;
				SDKROOT = iphoneos;
				SWIFT_ACTIVE_COMPILATION_CONDITIONS = DEBUG;
				SWIFT_OPTIMIZATION_LEVEL = "-Onone";
			};
			name = Debug;
		};
		7CBE25CF279D374F00272376 /* Release */ = {
			isa = XCBuildConfiguration;
			buildSettings = {
				ALWAYS_SEARCH_USER_PATHS = NO;
				CLANG_ANALYZER_NONNULL = YES;
				CLANG_ANALYZER_NUMBER_OBJECT_CONVERSION = YES_AGGRESSIVE;
				CLANG_CXX_LANGUAGE_STANDARD = "gnu++17";
				CLANG_CXX_LIBRARY = "libc++";
				CLANG_ENABLE_MODULES = YES;
				CLANG_ENABLE_OBJC_ARC = YES;
				CLANG_ENABLE_OBJC_WEAK = YES;
				CLANG_WARN_BLOCK_CAPTURE_AUTORELEASING = YES;
				CLANG_WARN_BOOL_CONVERSION = YES;
				CLANG_WARN_COMMA = YES;
				CLANG_WARN_CONSTANT_CONVERSION = YES;
				CLANG_WARN_DEPRECATED_OBJC_IMPLEMENTATIONS = YES;
				CLANG_WARN_DIRECT_OBJC_ISA_USAGE = YES_ERROR;
				CLANG_WARN_DOCUMENTATION_COMMENTS = YES;
				CLANG_WARN_EMPTY_BODY = YES;
				CLANG_WARN_ENUM_CONVERSION = YES;
				CLANG_WARN_INFINITE_RECURSION = YES;
				CLANG_WARN_INT_CONVERSION = YES;
				CLANG_WARN_NON_LITERAL_NULL_CONVERSION = YES;
				CLANG_WARN_OBJC_IMPLICIT_RETAIN_SELF = YES;
				CLANG_WARN_OBJC_LITERAL_CONVERSION = YES;
				CLANG_WARN_OBJC_ROOT_CLASS = YES_ERROR;
				CLANG_WARN_QUOTED_INCLUDE_IN_FRAMEWORK_HEADER = YES;
				CLANG_WARN_RANGE_LOOP_ANALYSIS = YES;
				CLANG_WARN_STRICT_PROTOTYPES = YES;
				CLANG_WARN_SUSPICIOUS_MOVE = YES;
				CLANG_WARN_UNGUARDED_AVAILABILITY = YES_AGGRESSIVE;
				CLANG_WARN_UNREACHABLE_CODE = YES;
				CLANG_WARN__DUPLICATE_METHOD_MATCH = YES;
				COPY_PHASE_STRIP = NO;
				DEBUG_INFORMATION_FORMAT = "dwarf-with-dsym";
				ENABLE_NS_ASSERTIONS = NO;
				ENABLE_STRICT_OBJC_MSGSEND = YES;
				GCC_C_LANGUAGE_STANDARD = gnu11;
				GCC_NO_COMMON_BLOCKS = YES;
				GCC_WARN_64_TO_32_BIT_CONVERSION = YES;
				GCC_WARN_ABOUT_RETURN_TYPE = YES_ERROR;
				GCC_WARN_UNDECLARED_SELECTOR = YES;
				GCC_WARN_UNINITIALIZED_AUTOS = YES_AGGRESSIVE;
				GCC_WARN_UNUSED_FUNCTION = YES;
				GCC_WARN_UNUSED_VARIABLE = YES;
				IPHONEOS_DEPLOYMENT_TARGET = 15.2;
				MTL_ENABLE_DEBUG_INFO = NO;
				MTL_FAST_MATH = YES;
				SDKROOT = iphoneos;
				SWIFT_COMPILATION_MODE = wholemodule;
				SWIFT_OPTIMIZATION_LEVEL = "-O";
				VALIDATE_PRODUCT = YES;
			};
			name = Release;
		};
		7CBE25D1279D374F00272376 /* Debug */ = {
			isa = XCBuildConfiguration;
			baseConfigurationReference = 8D120A2DF5BA1B414AFCD952 /* Pods-bookmarksUIKit.debug.xcconfig */;
			buildSettings = {
				ASSETCATALOG_COMPILER_APPICON_NAME = AppIcon;
				ASSETCATALOG_COMPILER_GLOBAL_ACCENT_COLOR_NAME = AccentColor;
				CODE_SIGN_STYLE = Automatic;
				CURRENT_PROJECT_VERSION = 1;
				DEVELOPMENT_TEAM = AYWB68C9DM;
				GENERATE_INFOPLIST_FILE = YES;
				INFOPLIST_FILE = bookmarksUIKit/Info.plist;
				INFOPLIST_KEY_UIApplicationSupportsIndirectInputEvents = YES;
				INFOPLIST_KEY_UILaunchStoryboardName = LaunchScreen;
				INFOPLIST_KEY_UIMainStoryboardFile = Main;
				INFOPLIST_KEY_UISupportedInterfaceOrientations_iPad = "UIInterfaceOrientationPortrait UIInterfaceOrientationPortraitUpsideDown UIInterfaceOrientationLandscapeLeft UIInterfaceOrientationLandscapeRight";
				INFOPLIST_KEY_UISupportedInterfaceOrientations_iPhone = "UIInterfaceOrientationPortrait UIInterfaceOrientationLandscapeLeft UIInterfaceOrientationLandscapeRight";
				LD_RUNPATH_SEARCH_PATHS = (
					"$(inherited)",
					"@executable_path/Frameworks",
				);
				MARKETING_VERSION = 1.0;
				PRODUCT_BUNDLE_IDENTIFIER = com.noyan.bookmarksUIKit;
				PRODUCT_NAME = "$(TARGET_NAME)";
				SWIFT_EMIT_LOC_STRINGS = YES;
				SWIFT_VERSION = 5.0;
				TARGETED_DEVICE_FAMILY = "1,2";
			};
			name = Debug;
		};
		7CBE25D2279D374F00272376 /* Release */ = {
			isa = XCBuildConfiguration;
			baseConfigurationReference = E4C13FDDD6B27DFBD595AD00 /* Pods-bookmarksUIKit.release.xcconfig */;
			buildSettings = {
				ASSETCATALOG_COMPILER_APPICON_NAME = AppIcon;
				ASSETCATALOG_COMPILER_GLOBAL_ACCENT_COLOR_NAME = AccentColor;
				CODE_SIGN_STYLE = Automatic;
				CURRENT_PROJECT_VERSION = 1;
				DEVELOPMENT_TEAM = AYWB68C9DM;
				GENERATE_INFOPLIST_FILE = YES;
				INFOPLIST_FILE = bookmarksUIKit/Info.plist;
				INFOPLIST_KEY_UIApplicationSupportsIndirectInputEvents = YES;
				INFOPLIST_KEY_UILaunchStoryboardName = LaunchScreen;
				INFOPLIST_KEY_UIMainStoryboardFile = Main;
				INFOPLIST_KEY_UISupportedInterfaceOrientations_iPad = "UIInterfaceOrientationPortrait UIInterfaceOrientationPortraitUpsideDown UIInterfaceOrientationLandscapeLeft UIInterfaceOrientationLandscapeRight";
				INFOPLIST_KEY_UISupportedInterfaceOrientations_iPhone = "UIInterfaceOrientationPortrait UIInterfaceOrientationLandscapeLeft UIInterfaceOrientationLandscapeRight";
				LD_RUNPATH_SEARCH_PATHS = (
					"$(inherited)",
					"@executable_path/Frameworks",
				);
				MARKETING_VERSION = 1.0;
				PRODUCT_BUNDLE_IDENTIFIER = com.noyan.bookmarksUIKit;
				PRODUCT_NAME = "$(TARGET_NAME)";
				SWIFT_EMIT_LOC_STRINGS = YES;
				SWIFT_VERSION = 5.0;
				TARGETED_DEVICE_FAMILY = "1,2";
			};
			name = Release;
		};
/* End XCBuildConfiguration section */

/* Begin XCConfigurationList section */
		7CBE25B7279D374D00272376 /* Build configuration list for PBXProject "bookmarksUIKit" */ = {
			isa = XCConfigurationList;
			buildConfigurations = (
				7CBE25CE279D374F00272376 /* Debug */,
				7CBE25CF279D374F00272376 /* Release */,
			);
			defaultConfigurationIsVisible = 0;
			defaultConfigurationName = Release;
		};
		7CBE25D0279D374F00272376 /* Build configuration list for PBXNativeTarget "bookmarksUIKit" */ = {
			isa = XCConfigurationList;
			buildConfigurations = (
				7CBE25D1279D374F00272376 /* Debug */,
				7CBE25D2279D374F00272376 /* Release */,
			);
			defaultConfigurationIsVisible = 0;
			defaultConfigurationName = Release;
		};
/* End XCConfigurationList section */
	};
	rootObject = 7CBE25B4279D374D00272376 /* Project object */;
}
